// !$*UTF8*$!
{
	archiveVersion = 1;
	classes = {
	};
	objectVersion = 46;
	objects = {

/* Begin PBXBuildFile section */
		9F9C720C454EAC99142AC1EE /* Pods_Instagram.framework in Frameworks */ = {isa = PBXBuildFile; fileRef = 2E6D630B2E3E883A6ED7BB89 /* Pods_Instagram.framework */; };
		BE1879C01DAF9CB900103FDC /* PhotosViewController.swift in Sources */ = {isa = PBXBuildFile; fileRef = BE1879BF1DAF9CB900103FDC /* PhotosViewController.swift */; };
		BE1879C41DAF9E8F00103FDC /* PhotoViewCell.swift in Sources */ = {isa = PBXBuildFile; fileRef = BE1879C31DAF9E8F00103FDC /* PhotoViewCell.swift */; };
		BE58173B1DAF9A84009CEF80 /* AppDelegate.swift in Sources */ = {isa = PBXBuildFile; fileRef = BE58173A1DAF9A84009CEF80 /* AppDelegate.swift */; };
		BE5817401DAF9A84009CEF80 /* Main.storyboard in Resources */ = {isa = PBXBuildFile; fileRef = BE58173E1DAF9A84009CEF80 /* Main.storyboard */; };
		BE5817421DAF9A84009CEF80 /* Assets.xcassets in Resources */ = {isa = PBXBuildFile; fileRef = BE5817411DAF9A84009CEF80 /* Assets.xcassets */; };
		BE5817451DAF9A84009CEF80 /* LaunchScreen.storyboard in Resources */ = {isa = PBXBuildFile; fileRef = BE5817431DAF9A84009CEF80 /* LaunchScreen.storyboard */; };
/* End PBXBuildFile section */

/* Begin PBXFileReference section */
		2E6D630B2E3E883A6ED7BB89 /* Pods_Instagram.framework */ = {isa = PBXFileReference; explicitFileType = wrapper.framework; includeInIndex = 0; path = Pods_Instagram.framework; sourceTree = BUILT_PRODUCTS_DIR; };
		442F7D600B6B2F0B06CA4A37 /* Pods-Instagram.debug.xcconfig */ = {isa = PBXFileReference; includeInIndex = 1; lastKnownFileType = text.xcconfig; name = "Pods-Instagram.debug.xcconfig"; path = "Pods/Target Support Files/Pods-Instagram/Pods-Instagram.debug.xcconfig"; sourceTree = "<group>"; };
		86A5D5445CD7DFBD1D60B952 /* Pods-Instagram.release.xcconfig */ = {isa = PBXFileReference; includeInIndex = 1; lastKnownFileType = text.xcconfig; name = "Pods-Instagram.release.xcconfig"; path = "Pods/Target Support Files/Pods-Instagram/Pods-Instagram.release.xcconfig"; sourceTree = "<group>"; };
		BE1879BF1DAF9CB900103FDC /* PhotosViewController.swift */ = {isa = PBXFileReference; fileEncoding = 4; lastKnownFileType = sourcecode.swift; path = PhotosViewController.swift; sourceTree = "<group>"; };
		BE1879C31DAF9E8F00103FDC /* PhotoViewCell.swift */ = {isa = PBXFileReference; fileEncoding = 4; lastKnownFileType = sourcecode.swift; path = PhotoViewCell.swift; sourceTree = "<group>"; };
		BE5817371DAF9A84009CEF80 /* Instagram.app */ = {isa = PBXFileReference; explicitFileType = wrapper.application; includeInIndex = 0; path = Instagram.app; sourceTree = BUILT_PRODUCTS_DIR; };
		BE58173A1DAF9A84009CEF80 /* AppDelegate.swift */ = {isa = PBXFileReference; lastKnownFileType = sourcecode.swift; path = AppDelegate.swift; sourceTree = "<group>"; };
		BE58173F1DAF9A84009CEF80 /* Base */ = {isa = PBXFileReference; lastKnownFileType = file.storyboard; name = Base; path = Base.lproj/Main.storyboard; sourceTree = "<group>"; };
		BE5817411DAF9A84009CEF80 /* Assets.xcassets */ = {isa = PBXFileReference; lastKnownFileType = folder.assetcatalog; path = Assets.xcassets; sourceTree = "<group>"; };
		BE5817441DAF9A84009CEF80 /* Base */ = {isa = PBXFileReference; lastKnownFileType = file.storyboard; name = Base; path = Base.lproj/LaunchScreen.storyboard; sourceTree = "<group>"; };
		BE5817461DAF9A84009CEF80 /* Info.plist */ = {isa = PBXFileReference; lastKnownFileType = text.plist.xml; path = Info.plist; sourceTree = "<group>"; };
/* End PBXFileReference section */

/* Begin PBXFrameworksBuildPhase section */
		BE5817341DAF9A83009CEF80 /* Frameworks */ = {
			isa = PBXFrameworksBuildPhase;
			buildActionMask = 2147483647;
			files = (
				9F9C720C454EAC99142AC1EE /* Pods_Instagram.framework in Frameworks */,
			);
			runOnlyForDeploymentPostprocessing = 0;
		};
/* End PBXFrameworksBuildPhase section */

/* Begin PBXGroup section */
		6D8374013E8CFA5D8B2859F9 /* Pods */ = {
			isa = PBXGroup;
			children = (
				442F7D600B6B2F0B06CA4A37 /* Pods-Instagram.debug.xcconfig */,
				86A5D5445CD7DFBD1D60B952 /* Pods-Instagram.release.xcconfig */,
			);
			name = Pods;
			sourceTree = "<group>";
		};
		BE58172E1DAF9A83009CEF80 = {
			isa = PBXGroup;
			children = (
				BE5817391DAF9A84009CEF80 /* Instagram */,
				BE5817381DAF9A84009CEF80 /* Products */,
				6D8374013E8CFA5D8B2859F9 /* Pods */,
				F49E246BA64BBC388AFB3FD3 /* Frameworks */,
			);
			sourceTree = "<group>";
		};
		BE5817381DAF9A84009CEF80 /* Products */ = {
			isa = PBXGroup;
			children = (
				BE5817371DAF9A84009CEF80 /* Instagram.app */,
			);
			name = Products;
			sourceTree = "<group>";
		};
		BE5817391DAF9A84009CEF80 /* Instagram */ = {
			isa = PBXGroup;
			children = (
				BE58173A1DAF9A84009CEF80 /* AppDelegate.swift */,
				BE1879BF1DAF9CB900103FDC /* PhotosViewController.swift */,
				BE58173E1DAF9A84009CEF80 /* Main.storyboard */,
				BE1879C31DAF9E8F00103FDC /* PhotoViewCell.swift */,
				BE5817411DAF9A84009CEF80 /* Assets.xcassets */,
				BE5817431DAF9A84009CEF80 /* LaunchScreen.storyboard */,
				BE5817461DAF9A84009CEF80 /* Info.plist */,
			);
			path = Instagram;
			sourceTree = "<group>";
		};
		F49E246BA64BBC388AFB3FD3 /* Frameworks */ = {
			isa = PBXGroup;
			children = (
				2E6D630B2E3E883A6ED7BB89 /* Pods_Instagram.framework */,
			);
			name = Frameworks;
			sourceTree = "<group>";
		};
/* End PBXGroup section */

/* Begin PBXNativeTarget section */
		BE5817361DAF9A83009CEF80 /* Instagram */ = {
			isa = PBXNativeTarget;
			buildConfigurationList = BE5817491DAF9A84009CEF80 /* Build configuration list for PBXNativeTarget "Instagram" */;
			buildPhases = (
				2B6B7641311F88CF28857D67 /* [CP] Check Pods Manifest.lock */,
				BE5817331DAF9A83009CEF80 /* Sources */,
				BE5817341DAF9A83009CEF80 /* Frameworks */,
				BE5817351DAF9A83009CEF80 /* Resources */,
				6119D6765372CF67C45B80FB /* [CP] Embed Pods Frameworks */,
				4A5616A96928E17322D7AA55 /* [CP] Copy Pods Resources */,
			);
			buildRules = (
			);
			dependencies = (
			);
			name = Instagram;
			productName = Instagram;
			productReference = BE5817371DAF9A84009CEF80 /* Instagram.app */;
			productType = "com.apple.product-type.application";
		};
/* End PBXNativeTarget section */

/* Begin PBXProject section */
		BE58172F1DAF9A83009CEF80 /* Project object */ = {
			isa = PBXProject;
			attributes = {
				LastSwiftUpdateCheck = 0800;
				LastUpgradeCheck = 0800;
				ORGANIZATIONNAME = "Ken Lam";
				TargetAttributes = {
					BE5817361DAF9A83009CEF80 = {
						CreatedOnToolsVersion = 8.0;
						DevelopmentTeam = 28G784KH44;
						ProvisioningStyle = Automatic;
					};
				};
			};
			buildConfigurationList = BE5817321DAF9A83009CEF80 /* Build configuration list for PBXProject "Instagram" */;
			compatibilityVersion = "Xcode 3.2";
			developmentRegion = English;
			hasScannedForEncodings = 0;
			knownRegions = (
				en,
				Base,
			);
			mainGroup = BE58172E1DAF9A83009CEF80;
			productRefGroup = BE5817381DAF9A84009CEF80 /* Products */;
			projectDirPath = "";
			projectRoot = "";
			targets = (
				BE5817361DAF9A83009CEF80 /* Instagram */,
			);
		};
/* End PBXProject section */

/* Begin PBXResourcesBuildPhase section */
		BE5817351DAF9A83009CEF80 /* Resources */ = {
			isa = PBXResourcesBuildPhase;
			buildActionMask = 2147483647;
			files = (
				BE5817451DAF9A84009CEF80 /* LaunchScreen.storyboard in Resources */,
				BE5817421DAF9A84009CEF80 /* Assets.xcassets in Resources */,
				BE5817401DAF9A84009CEF80 /* Main.storyboard in Resources */,
			);
			runOnlyForDeploymentPostprocessing = 0;
		};
/* End PBXResourcesBuildPhase section */

/* Begin PBXShellScriptBuildPhase section */
		2B6B7641311F88CF28857D67 /* [CP] Check Pods Manifest.lock */ = {
			isa = PBXShellScriptBuildPhase;
			buildActionMask = 2147483647;
			files = (
			);
			inputPaths = (
			);
			name = "[CP] Check Pods Manifest.lock";
			outputPaths = (
			);
			runOnlyForDeploymentPostprocessing = 0;
			shellPath = /bin/sh;
			shellScript = "diff \"${PODS_ROOT}/../Podfile.lock\" \"${PODS_ROOT}/Manifest.lock\" > /dev/null\nif [ $? != 0 ] ; then\n    # print error to STDERR\n    echo \"error: The sandbox is not in sync with the Podfile.lock. Run 'pod install' or update your CocoaPods installation.\" >&2\n    exit 1\nfi\n";
			showEnvVarsInLog = 0;
		};
		4A5616A96928E17322D7AA55 /* [CP] Copy Pods Resources */ = {
			isa = PBXShellScriptBuildPhase;
			buildActionMask = 2147483647;
			files = (
			);
			inputPaths = (
			);
			name = "[CP] Copy Pods Resources";
			outputPaths = (
			);
			runOnlyForDeploymentPostprocessing = 0;
			shellPath = /bin/sh;
			shellScript = "\"${SRCROOT}/Pods/Target Support Files/Pods-Instagram/Pods-Instagram-resources.sh\"\n";
			showEnvVarsInLog = 0;
		};
		6119D6765372CF67C45B80FB /* [CP] Embed Pods Frameworks */ = {
			isa = PBXShellScriptBuildPhase;
			buildActionMask = 2147483647;
			files = (
			);
			inputPaths = (
			);
			name = "[CP] Embed Pods Frameworks";
			outputPaths = (
			);
			runOnlyForDeploymentPostprocessing = 0;
			shellPath = /bin/sh;
			shellScript = "\"${SRCROOT}/Pods/Target Support Files/Pods-Instagram/Pods-Instagram-frameworks.sh\"\n";
			showEnvVarsInLog = 0;
		};
/* End PBXShellScriptBuildPhase section */

/* Begin PBXSourcesBuildPhase section */
		BE5817331DAF9A83009CEF80 /* Sources */ = {
			isa = PBXSourcesBuildPhase;
			buildActionMask = 2147483647;
			files = (
				BE58173B1DAF9A84009CEF80 /* AppDelegate.swift in Sources */,
				BE1879C01DAF9CB900103FDC /* PhotosViewController.swift in Sources */,
				BE1879C41DAF9E8F00103FDC /* PhotoViewCell.swift in Sources */,
			);
			runOnlyForDeploymentPostprocessing = 0;
		};
/* End PBXSourcesBuildPhase section */

/* Begin PBXVariantGroup section */
		BE58173E1DAF9A84009CEF80 /* Main.storyboard */ = {
			isa = PBXVariantGroup;
			children = (
				BE58173F1DAF9A84009CEF80 /* Base */,
			);
			name = Main.storyboard;
			sourceTree = "<group>";
		};
		BE5817431DAF9A84009CEF80 /* LaunchScreen.storyboard */ = {
			isa = PBXVariantGroup;
			children = (
				BE5817441DAF9A84009CEF80 /* Base */,
			);
			name = LaunchScreen.storyboard;
			sourceTree = "<group>";
		};
/* End PBXVariantGroup section */

/* Begin XCBuildConfiguration section */
		BE5817471DAF9A84009CEF80 /* Debug */ = {
			isa = XCBuildConfiguration;
			buildSettings = {
				ALWAYS_SEARCH_USER_PATHS = NO;
				CLANG_ANALYZER_NONNULL = YES;
				CLANG_CXX_LANGUAGE_STANDARD = "gnu++0x";
				CLANG_CXX_LIBRARY = "libc++";
				CLANG_ENABLE_MODULES = YES;
				CLANG_ENABLE_OBJC_ARC = YES;
				CLANG_WARN_BOOL_CONVERSION = YES;
				CLANG_WARN_CONSTANT_CONVERSION = YES;
				CLANG_WARN_DIRECT_OBJC_ISA_USAGE = YES_ERROR;
				CLANG_WARN_DOCUMENTATION_COMMENTS = YES;
				CLANG_WARN_EMPTY_BODY = YES;
				CLANG_WARN_ENUM_CONVERSION = YES;
				CLANG_WARN_INFINITE_RECURSION = YES;
				CLANG_WARN_INT_CONVERSION = YES;
				CLANG_WARN_OBJC_ROOT_CLASS = YES_ERROR;
				CLANG_WARN_SUSPICIOUS_MOVES = YES;
				CLANG_WARN_UNREACHABLE_CODE = YES;
				CLANG_WARN__DUPLICATE_METHOD_MATCH = YES;
				"CODE_SIGN_IDENTITY[sdk=iphoneos*]" = "iPhone Developer";
				COPY_PHASE_STRIP = NO;
				DEBUG_INFORMATION_FORMAT = dwarf;
				ENABLE_STRICT_OBJC_MSGSEND = YES;
				ENABLE_TESTABILITY = YES;
				GCC_C_LANGUAGE_STANDARD = gnu99;
				GCC_DYNAMIC_NO_PIC = NO;
				GCC_NO_COMMON_BLOCKS = YES;
				GCC_OPTIMIZATION_LEVEL = 0;
				GCC_PREPROCESSOR_DEFINITIONS = (
					"DEBUG=1",
					"$(inherited)",
				);
				GCC_WARN_64_TO_32_BIT_CONVERSION = YES;
				GCC_WARN_ABOUT_RETURN_TYPE = YES_ERROR;
				GCC_WARN_UNDECLARED_SELECTOR = YES;
				GCC_WARN_UNINITIALIZED_AUTOS = YES_AGGRESSIVE;
				GCC_WARN_UNUSED_FUNCTION = YES;
				GCC_WARN_UNUSED_VARIABLE = YES;
				IPHONEOS_DEPLOYMENT_TARGET = 10.0;
				MTL_ENABLE_DEBUG_INFO = YES;
				ONLY_ACTIVE_ARCH = YES;
				SDKROOT = iphoneos;
				SWIFT_ACTIVE_COMPILATION_CONDITIONS = DEBUG;
				SWIFT_OPTIMIZATION_LEVEL = "-Onone";
			};
			name = Debug;
		};
		BE5817481DAF9A84009CEF80 /* Release */ = {
			isa = XCBuildConfiguration;
			buildSettings = {
				ALWAYS_SEARCH_USER_PATHS = NO;
				CLANG_ANALYZER_NONNULL = YES;
				CLANG_CXX_LANGUAGE_STANDARD = "gnu++0x";
				CLANG_CXX_LIBRARY = "libc++";
				CLANG_ENABLE_MODULES = YES;
				CLANG_ENABLE_OBJC_ARC = YES;
				CLANG_WARN_BOOL_CONVERSION = YES;
				CLANG_WARN_CONSTANT_CONVERSION = YES;
				CLANG_WARN_DIRECT_OBJC_ISA_USAGE = YES_ERROR;
				CLANG_WARN_DOCUMENTATION_COMMENTS = YES;
				CLANG_WARN_EMPTY_BODY = YES;
				CLANG_WARN_ENUM_CONVERSION = YES;
				CLANG_WARN_INFINITE_RECURSION = YES;
				CLANG_WARN_INT_CONVERSION = YES;
				CLANG_WARN_OBJC_ROOT_CLASS = YES_ERROR;
				CLANG_WARN_SUSPICIOUS_MOVES = YES;
				CLANG_WARN_UNREACHABLE_CODE = YES;
				CLANG_WARN__DUPLICATE_METHOD_MATCH = YES;
				"CODE_SIGN_IDENTITY[sdk=iphoneos*]" = "iPhone Developer";
				COPY_PHASE_STRIP = NO;
				DEBUG_INFORMATION_FORMAT = "dwarf-with-dsym";
				ENABLE_NS_ASSERTIONS = NO;
				ENABLE_STRICT_OBJC_MSGSEND = YES;
				GCC_C_LANGUAGE_STANDARD = gnu99;
				GCC_NO_COMMON_BLOCKS = YES;
				GCC_WARN_64_TO_32_BIT_CONVERSION = YES;
				GCC_WARN_ABOUT_RETURN_TYPE = YES_ERROR;
				GCC_WARN_UNDECLARED_SELECTOR = YES;
				GCC_WARN_UNINITIALIZED_AUTOS = YES_AGGRESSIVE;
				GCC_WARN_UNUSED_FUNCTION = YES;
				GCC_WARN_UNUSED_VARIABLE = YES;
				IPHONEOS_DEPLOYMENT_TARGET = 10.0;
				MTL_ENABLE_DEBUG_INFO = NO;
				SDKROOT = iphoneos;
				SWIFT_OPTIMIZATION_LEVEL = "-Owholemodule";
				VALIDATE_PRODUCT = YES;
			};
			name = Release;
		};
		BE58174A1DAF9A84009CEF80 /* Debug */ = {
			isa = XCBuildConfiguration;
			baseConfigurationReference = 442F7D600B6B2F0B06CA4A37 /* Pods-Instagram.debug.xcconfig */;
			buildSettings = {
				ASSETCATALOG_COMPILER_APPICON_NAME = AppIcon;
				DEVELOPMENT_TEAM = 28G784KH44;
				INFOPLIST_FILE = Instagram/Info.plist;
				LD_RUNPATH_SEARCH_PATHS = "$(inherited) @executable_path/Frameworks";
				PRODUCT_BUNDLE_IDENTIFIER = kenk11.Instagram;
				PRODUCT_NAME = "$(TARGET_NAME)";
				SWIFT_VERSION = 3.0;
			};
			name = Debug;
		};
		BE58174B1DAF9A84009CEF80 /* Release */ = {
			isa = XCBuildConfiguration;
			baseConfigurationReference = 86A5D5445CD7DFBD1D60B952 /* Pods-Instagram.release.xcconfig */;
			buildSettings = {
				ASSETCATALOG_COMPILER_APPICON_NAME = AppIcon;
				DEVELOPMENT_TEAM = 28G784KH44;
				INFOPLIST_FILE = Instagram/Info.plist;
				LD_RUNPATH_SEARCH_PATHS = "$(inherited) @executable_path/Frameworks";
				PRODUCT_BUNDLE_IDENTIFIER = kenk11.Instagram;
				PRODUCT_NAME = "$(TARGET_NAME)";
				SWIFT_VERSION = 3.0;
			};
			name = Release;
		};
/* End XCBuildConfiguration section */

/* Begin XCConfigurationList section */
		BE5817321DAF9A83009CEF80 /* Build configuration list for PBXProject "Instagram" */ = {
			isa = XCConfigurationList;
			buildConfigurations = (
				BE5817471DAF9A84009CEF80 /* Debug */,
				BE5817481DAF9A84009CEF80 /* Release */,
			);
			defaultConfigurationIsVisible = 0;
			defaultConfigurationName = Release;
		};
		BE5817491DAF9A84009CEF80 /* Build configuration list for PBXNativeTarget "Instagram" */ = {
			isa = XCConfigurationList;
			buildConfigurations = (
				BE58174A1DAF9A84009CEF80 /* Debug */,
				BE58174B1DAF9A84009CEF80 /* Release */,
			);
			defaultConfigurationIsVisible = 0;
			defaultConfigurationName = Release;
		};
/* End XCConfigurationList section */
	};
	rootObject = BE58172F1DAF9A83009CEF80 /* Project object */;
}
